
Microsoft Visual Studio Solution File, Format Version 12.00
# Visual Studio Version 17
VisualStudioVersion = 17.6.33801.468
MinimumVisualStudioVersion = 10.0.40219.1
Project("{9A19103F-16F7-4668-BE54-9A1E7A4F7556}") = "PizzaShop", "RazorPagesApp\PizzaShop.csproj", "{AE75A4E3-F6F3-4214-B35F-0762569D2A1A}"
EndProject
Global
	GlobalSection(SolutionConfigurationPlatforms) = preSolution
		Debug|Any CPU = Debug|Any CPU
		Release|Any CPU = Release|Any CPU
	EndGlobalSection
	GlobalSection(ProjectConfigurationPlatforms) = postSolution
		{AE75A4E3-F6F3-4214-B35F-0762569D2A1A}.Debug|Any CPU.ActiveCfg = Debug|Any CPU
		{AE75A4E3-F6F3-4214-B35F-0762569D2A1A}.Debug|Any CPU.Build.0 = Debug|Any CPU
		{AE75A4E3-F6F3-4214-B35F-0762569D2A1A}.Release|Any CPU.ActiveCfg = Release|Any CPU
		{AE75A4E3-F6F3-4214-B35F-0762569D2A1A}.Release|Any CPU.Build.0 = Release|Any CPU
	EndGlobalSection
	GlobalSection(SolutionProperties) = preSolution
		HideSolutionNode = FALSE
	EndGlobalSection
	GlobalSection(ExtensibilityGlobals) = postSolution
		SolutionGuid = {DDCEFB0C-8BEC-4775-BB85-D4016FFCAE9A}
	EndGlobalSection
EndGlobal
